
Microsoft Visual Studio Solution File, Format Version 12.00
# Visual Studio Version 17
VisualStudioVersion = 17.0.31903.59
MinimumVisualStudioVersion = 10.0.40219.1
Project("{FAE04EC0-301F-11D3-BF4B-00C04F79EFBC}") = "fat.management.api", "Presentation\fat.management.api.csproj", "{C77D44CB-20FF-4A22-AEFA-DF3BB0E4F6AA}"
EndProject
Project("{FAE04EC0-301F-11D3-BF4B-00C04F79EFBC}") = "fat.management.domain", "Domain\fat.management.domain.csproj", "{089B42EB-DC89-455B-AB92-FD007F796044}"
EndProject
Project("{FAE04EC0-301F-11D3-BF4B-00C04F79EFBC}") = "fat.management.infrastructure.data", "Infrastructure.Data\fat.management.infrastructure.data.csproj", "{50805944-3F2B-4256-839A-F2DA76327262}"
EndProject
Project("{FAE04EC0-301F-11D3-BF4B-00C04F79EFBC}") = "fat.management.infrastructure.crossctutting", "Infrastructure.Crosscutting\fat.management.infrastructure.crossctutting.csproj", "{DE837D04-92F3-4FAA-830A-79ED292D3234}"
EndProject
Global
	GlobalSection(SolutionConfigurationPlatforms) = preSolution
		Debug|Any CPU = Debug|Any CPU
		Release|Any CPU = Release|Any CPU
	EndGlobalSection
	GlobalSection(SolutionProperties) = preSolution
		HideSolutionNode = FALSE
	EndGlobalSection
	GlobalSection(ProjectConfigurationPlatforms) = postSolution
		{C77D44CB-20FF-4A22-AEFA-DF3BB0E4F6AA}.Debug|Any CPU.ActiveCfg = Debug|Any CPU
		{C77D44CB-20FF-4A22-AEFA-DF3BB0E4F6AA}.Debug|Any CPU.Build.0 = Debug|Any CPU
		{C77D44CB-20FF-4A22-AEFA-DF3BB0E4F6AA}.Release|Any CPU.ActiveCfg = Release|Any CPU
		{C77D44CB-20FF-4A22-AEFA-DF3BB0E4F6AA}.Release|Any CPU.Build.0 = Release|Any CPU
		{089B42EB-DC89-455B-AB92-FD007F796044}.Debug|Any CPU.ActiveCfg = Debug|Any CPU
		{089B42EB-DC89-455B-AB92-FD007F796044}.Debug|Any CPU.Build.0 = Debug|Any CPU
		{089B42EB-DC89-455B-AB92-FD007F796044}.Release|Any CPU.ActiveCfg = Release|Any CPU
		{089B42EB-DC89-455B-AB92-FD007F796044}.Release|Any CPU.Build.0 = Release|Any CPU
		{50805944-3F2B-4256-839A-F2DA76327262}.Debug|Any CPU.ActiveCfg = Debug|Any CPU
		{50805944-3F2B-4256-839A-F2DA76327262}.Debug|Any CPU.Build.0 = Debug|Any CPU
		{50805944-3F2B-4256-839A-F2DA76327262}.Release|Any CPU.ActiveCfg = Release|Any CPU
		{50805944-3F2B-4256-839A-F2DA76327262}.Release|Any CPU.Build.0 = Release|Any CPU
		{DE837D04-92F3-4FAA-830A-79ED292D3234}.Debug|Any CPU.ActiveCfg = Debug|Any CPU
		{DE837D04-92F3-4FAA-830A-79ED292D3234}.Debug|Any CPU.Build.0 = Debug|Any CPU
		{DE837D04-92F3-4FAA-830A-79ED292D3234}.Release|Any CPU.ActiveCfg = Release|Any CPU
		{DE837D04-92F3-4FAA-830A-79ED292D3234}.Release|Any CPU.Build.0 = Release|Any CPU
	EndGlobalSection
EndGlobal
